{
  "name": "aiora.i18n",
  "version": "1.0.0",
  "lockfileVersion": 3,
  "requires": true,
  "packages": {
    "": {
      "name": "aiora.i18n",
      "version": "1.0.0",
      "license": "ISC",
      "devDependencies": {
        "@inlang/cli": "^3.0.10",
        "@inlang/paraglide-js": "2.0.11"
      }
    },
    "node_modules/@inlang/cli": {
      "version": "3.0.10",
      "resolved": "https://registry.npmjs.org/@inlang/cli/-/cli-3.0.10.tgz",
      "integrity": "sha512-09uUevAj6pw8n+sPrN0Pl9NQMObQeLve01DVJRIMfLZ/qOZbrWwnOWsU748phTJc88subDp3CHk7B/IeHfB8UQ==",
      "dev": true,
      "dependencies": {
        "@inlang/sdk": "2.4.7",
        "esbuild-wasm": "^0.19.2"
      },
      "bin": {
        "inlang": "bin/run.js"
      },
      "engines": {
        "node": ">=18.0.0"
      }
    },
    "node_modules/@inlang/paraglide-js": {
      "version": "2.0.11",
      "resolved": "https://registry.npmjs.org/@inlang/paraglide-js/-/paraglide-js-2.0.11.tgz",
      "integrity": "sha512-aR3vq/Q8wdXIaTHVujTZ+9NGlN+7OwVLVCiJBbhSo4Io9swR3iToAKgGeBk3GV8PJxiVqf/JwC5s4MLjZNcNJg==",
      "dev": true,
      "dependencies": {
        "@inlang/recommend-sherlock": "0.2.1",
        "@inlang/sdk": "2.4.7",
        "commander": "11.1.0",
        "consola": "3.4.0",
        "json5": "2.2.3",
        "unplugin": "^2.1.2",
        "urlpattern-polyfill": "^10.0.0"
      },
      "bin": {
        "paraglide-js": "bin/run.js"
      }
    },
    "node_modules/@inlang/recommend-sherlock": {
      "version": "0.2.1",
      "resolved": "https://registry.npmjs.org/@inlang/recommend-sherlock/-/recommend-sherlock-0.2.1.tgz",
      "integrity": "sha512-ckv8HvHy/iTqaVAEKrr+gnl+p3XFNwe5D2+6w6wJk2ORV2XkcRkKOJ/XsTUJbPSiyi4PI+p+T3bqbmNx/rDUlg==",
      "dev": true,
      "dependencies": {
        "comment-json": "^4.2.3"
      }
    },
    "node_modules/@inlang/sdk": {
      "version": "2.4.7",
      "resolved": "https://registry.npmjs.org/@inlang/sdk/-/sdk-2.4.7.tgz",
      "integrity": "sha512-EKq1mituvRjYVT4iCLFQyz4W4c5L0i5JsPKcjiOZnFUN7gcnKgnoqQB/M7eBy2dNTinH+yR6lftmurOdh77rzA==",
      "dev": true,
      "dependencies": {
        "@lix-js/sdk": "0.4.6",
        "@sinclair/typebox": "^0.31.17",
        "kysely": "^0.27.4",
        "sqlite-wasm-kysely": "0.3.0",
        "uuid": "^10.0.0"
      },
      "engines": {
        "node": ">=18.0.0"
      }
    },
    "node_modules/@lix-js/sdk": {
      "version": "0.4.6",
      "resolved": "https://registry.npmjs.org/@lix-js/sdk/-/sdk-0.4.6.tgz",
      "integrity": "sha512-uxdDhD9kKLaySyTPlMw5GfPDEDH7YIPcReoCaktFoZ1HUEtdcvABWH+nzC7TTP5nvUIrW70u72ThEczysUgnrw==",
      "dev": true,
      "dependencies": {
        "@lix-js/server-protocol-schema": "0.1.1",
        "dedent": "1.5.1",
        "human-id": "^4.1.1",
        "js-sha256": "^0.11.0",
        "kysely": "^0.27.4",
        "sqlite-wasm-kysely": "0.3.0",
        "uuid": "^10.0.0"
      },
      "engines": {
        "node": ">=18"
      }
    },
    "node_modules/@lix-js/server-protocol-schema": {
      "version": "0.1.1",
      "resolved": "https://registry.npmjs.org/@lix-js/server-protocol-schema/-/server-protocol-schema-0.1.1.tgz",
      "integrity": "sha512-jBeALB6prAbtr5q4vTuxnRZZv1M2rKe8iNqRQhFJ4Tv7150unEa0vKyz0hs8Gl3fUGsWaNJBh3J8++fpbrpRBQ==",
      "dev": true
    },
    "node_modules/@sinclair/typebox": {
      "version": "0.31.28",
      "resolved": "https://registry.npmjs.org/@sinclair/typebox/-/typebox-0.31.28.tgz",
      "integrity": "sha512-/s55Jujywdw/Jpan+vsy6JZs1z2ZTGxTmbZTPiuSL2wz9mfzA2gN1zzaqmvfi4pq+uOt7Du85fkiwv5ymW84aQ==",
      "dev": true
    },
    "node_modules/@sqlite.org/sqlite-wasm": {
      "version": "3.48.0-build4",
      "resolved": "https://registry.npmjs.org/@sqlite.org/sqlite-wasm/-/sqlite-wasm-3.48.0-build4.tgz",
      "integrity": "sha512-hI6twvUkzOmyGZhQMza1gpfqErZxXRw6JEsiVjUbo7tFanVD+8Oil0Ih3l2nGzHdxPI41zFmfUQG7GHqhciKZQ==",
      "dev": true,
      "bin": {
        "sqlite-wasm": "bin/index.js"
      }
    },
    "node_modules/acorn": {
      "version": "8.14.1",
      "resolved": "https://registry.npmjs.org/acorn/-/acorn-8.14.1.tgz",
      "integrity": "sha512-OvQ/2pUDKmgfCg++xsTX1wGxfTaszcHVcTctW4UJB4hibJx2HXxxO5UmVgyjMa+ZDsiaf5wWLXYpRWMmBI0QHg==",
      "dev": true,
      "bin": {
        "acorn": "bin/acorn"
      },
      "engines": {
        "node": ">=0.4.0"
      }
    },
    "node_modules/array-timsort": {
      "version": "1.0.3",
      "resolved": "https://registry.npmjs.org/array-timsort/-/array-timsort-1.0.3.tgz",
      "integrity": "sha512-/+3GRL7dDAGEfM6TseQk/U+mi18TU2Ms9I3UlLdUMhz2hbvGNTKdj9xniwXfUqgYhHxRx0+8UnKkvlNwVU+cWQ==",
      "dev": true
    },
    "node_modules/commander": {
      "version": "11.1.0",
      "resolved": "https://registry.npmjs.org/commander/-/commander-11.1.0.tgz",
      "integrity": "sha512-yPVavfyCcRhmorC7rWlkHn15b4wDVgVmBA7kV4QVBsF7kv/9TKJAbAXVTxvTnwP8HHKjRCJDClKbciiYS7p0DQ==",
      "dev": true,
      "engines": {
        "node": ">=16"
      }
    },
    "node_modules/comment-json": {
      "version": "4.2.5",
      "resolved": "https://registry.npmjs.org/comment-json/-/comment-json-4.2.5.tgz",
      "integrity": "sha512-bKw/r35jR3HGt5PEPm1ljsQQGyCrR8sFGNiN5L+ykDHdpO8Smxkrkla9Yi6NkQyUrb8V54PGhfMs6NrIwtxtdw==",
      "dev": true,
      "dependencies": {
        "array-timsort": "^1.0.3",
        "core-util-is": "^1.0.3",
        "esprima": "^4.0.1",
        "has-own-prop": "^2.0.0",
        "repeat-string": "^1.6.1"
      },
      "engines": {
        "node": ">= 6"
      }
    },
    "node_modules/consola": {
      "version": "3.4.0",
      "resolved": "https://registry.npmjs.org/consola/-/consola-3.4.0.tgz",
      "integrity": "sha512-EiPU8G6dQG0GFHNR8ljnZFki/8a+cQwEQ+7wpxdChl02Q8HXlwEZWD5lqAF8vC2sEC3Tehr8hy7vErz88LHyUA==",
      "dev": true,
      "engines": {
        "node": "^14.18.0 || >=16.10.0"
      }
    },
    "node_modules/core-util-is": {
      "version": "1.0.3",
      "resolved": "https://registry.npmjs.org/core-util-is/-/core-util-is-1.0.3.tgz",
      "integrity": "sha512-ZQBvi1DcpJ4GDqanjucZ2Hj3wEO5pZDS89BWbkcrvdxksJorwUDDZamX9ldFkp9aw2lmBDLgkObEA4DWNJ9FYQ==",
      "dev": true
    },
    "node_modules/dedent": {
      "version": "1.5.1",
      "resolved": "https://registry.npmjs.org/dedent/-/dedent-1.5.1.tgz",
      "integrity": "sha512-+LxW+KLWxu3HW3M2w2ympwtqPrqYRzU8fqi6Fhd18fBALe15blJPI/I4+UHveMVG6lJqB4JNd4UG0S5cnVHwIg==",
      "dev": true,
      "peerDependencies": {
        "babel-plugin-macros": "^3.1.0"
      },
      "peerDependenciesMeta": {
        "babel-plugin-macros": {
          "optional": true
        }
      }
    },
    "node_modules/esbuild-wasm": {
      "version": "0.19.12",
      "resolved": "https://registry.npmjs.org/esbuild-wasm/-/esbuild-wasm-0.19.12.tgz",
      "integrity": "sha512-Zmc4hk6FibJZBcTx5/8K/4jT3/oG1vkGTEeKJUQFCUQKimD6Q7+adp/bdVQyYJFolMKaXkQnVZdV4O5ZaTYmyQ==",
      "dev": true,
      "bin": {
        "esbuild": "bin/esbuild"
      },
      "engines": {
        "node": ">=12"
      }
    },
    "node_modules/esprima": {
      "version": "4.0.1",
      "resolved": "https://registry.npmjs.org/esprima/-/esprima-4.0.1.tgz",
      "integrity": "sha512-eGuFFw7Upda+g4p+QHvnW0RyTX/SVeJBDM/gCtMARO0cLuT2HcEKnTPvhjV6aGeqrCB/sbNop0Kszm0jsaWU4A==",
      "dev": true,
      "bin": {
        "esparse": "bin/esparse.js",
        "esvalidate": "bin/esvalidate.js"
      },
      "engines": {
        "node": ">=4"
      }
    },
    "node_modules/has-own-prop": {
      "version": "2.0.0",
      "resolved": "https://registry.npmjs.org/has-own-prop/-/has-own-prop-2.0.0.tgz",
      "integrity": "sha512-Pq0h+hvsVm6dDEa8x82GnLSYHOzNDt7f0ddFa3FqcQlgzEiptPqL+XrOJNavjOzSYiYWIrgeVYYgGlLmnxwilQ==",
      "dev": true,
      "engines": {
        "node": ">=8"
      }
    },
    "node_modules/human-id": {
      "version": "4.1.1",
      "resolved": "https://registry.npmjs.org/human-id/-/human-id-4.1.1.tgz",
      "integrity": "sha512-3gKm/gCSUipeLsRYZbbdA1BD83lBoWUkZ7G9VFrhWPAU76KwYo5KR8V28bpoPm/ygy0x5/GCbpRQdY7VLYCoIg==",
      "dev": true,
      "bin": {
        "human-id": "dist/cli.js"
      }
    },
    "node_modules/js-sha256": {
      "version": "0.11.0",
      "resolved": "https://registry.npmjs.org/js-sha256/-/js-sha256-0.11.0.tgz",
      "integrity": "sha512-6xNlKayMZvds9h1Y1VWc0fQHQ82BxTXizWPEtEeGvmOUYpBRy4gbWroHLpzowe6xiQhHpelCQiE7HEdznyBL9Q==",
      "dev": true
    },
    "node_modules/json5": {
      "version": "2.2.3",
      "resolved": "https://registry.npmjs.org/json5/-/json5-2.2.3.tgz",
      "integrity": "sha512-XmOWe7eyHYH14cLdVPoyg+GOH3rYX++KpzrylJwSW98t3Nk+U8XOl8FWKOgwtzdb8lXGf6zYwDUzeHMWfxasyg==",
      "dev": true,
      "bin": {
        "json5": "lib/cli.js"
      },
      "engines": {
        "node": ">=6"
      }
    },
    "node_modules/kysely": {
      "version": "0.27.6",
      "resolved": "https://registry.npmjs.org/kysely/-/kysely-0.27.6.tgz",
      "integrity": "sha512-FIyV/64EkKhJmjgC0g2hygpBv5RNWVPyNCqSAD7eTCv6eFWNIi4PN1UvdSJGicN/o35bnevgis4Y0UDC0qi8jQ==",
      "dev": true,
      "engines": {
        "node": ">=14.0.0"
      }
    },
    "node_modules/picomatch": {
      "version": "4.0.2",
      "resolved": "https://registry.npmjs.org/picomatch/-/picomatch-4.0.2.tgz",
      "integrity": "sha512-M7BAV6Rlcy5u+m6oPhAPFgJTzAioX/6B0DxyvDlo9l8+T3nLKbrczg2WLUyzd45L8RqfUMyGPzekbMvX2Ldkwg==",
      "dev": true,
      "engines": {
        "node": ">=12"
      },
      "funding": {
        "url": "https://github.com/sponsors/jonschlinkert"
      }
    },
    "node_modules/repeat-string": {
      "version": "1.6.1",
      "resolved": "https://registry.npmjs.org/repeat-string/-/repeat-string-1.6.1.tgz",
      "integrity": "sha512-PV0dzCYDNfRi1jCDbJzpW7jNNDRuCOG/jI5ctQcGKt/clZD+YcPS3yIlWuTJMmESC8aevCFmWJy5wjAFgNqN6w==",
      "dev": true,
      "engines": {
        "node": ">=0.10"
      }
    },
    "node_modules/sqlite-wasm-kysely": {
      "version": "0.3.0",
      "resolved": "https://registry.npmjs.org/sqlite-wasm-kysely/-/sqlite-wasm-kysely-0.3.0.tgz",
      "integrity": "sha512-TzjBNv7KwRw6E3pdKdlRyZiTmUIE0UttT/Sl56MVwVARl/u5gp978KepazCJZewFUnlWHz9i3NQd4kOtP/Afdg==",
      "dev": true,
      "dependencies": {
        "@sqlite.org/sqlite-wasm": "^3.48.0-build2"
      },
      "peerDependencies": {
        "kysely": "*"
      }
    },
    "node_modules/unplugin": {
      "version": "2.3.2",
      "resolved": "https://registry.npmjs.org/unplugin/-/unplugin-2.3.2.tgz",
      "integrity": "sha512-3n7YA46rROb3zSj8fFxtxC/PqoyvYQ0llwz9wtUPUutr9ig09C8gGo5CWCwHrUzlqC1LLR43kxp5vEIyH1ac1w==",
      "dev": true,
      "dependencies": {
        "acorn": "^8.14.1",
        "picomatch": "^4.0.2",
        "webpack-virtual-modules": "^0.6.2"
      },
      "engines": {
        "node": ">=18.12.0"
      }
    },
    "node_modules/urlpattern-polyfill": {
      "version": "10.0.0",
      "resolved": "https://registry.npmjs.org/urlpattern-polyfill/-/urlpattern-polyfill-10.0.0.tgz",
      "integrity": "sha512-H/A06tKD7sS1O1X2SshBVeA5FLycRpjqiBeqGKmBwBDBy28EnRjORxTNe269KSSr5un5qyWi1iL61wLxpd+ZOg==",
      "dev": true
    },
    "node_modules/uuid": {
      "version": "10.0.0",
      "resolved": "https://registry.npmjs.org/uuid/-/uuid-10.0.0.tgz",
      "integrity": "sha512-8XkAphELsDnEGrDxUOHB3RGvXz6TeuYSGEZBOjtTtPm2lwhGBjLgOzLHB63IUWfBpNucQjND6d3AOudO+H3RWQ==",
      "dev": true,
      "funding": [
        "https://github.com/sponsors/broofa",
        "https://github.com/sponsors/ctavan"
      ],
      "bin": {
        "uuid": "dist/bin/uuid"
      }
    },
    "node_modules/webpack-virtual-modules": {
      "version": "0.6.2",
      "resolved": "https://registry.npmjs.org/webpack-virtual-modules/-/webpack-virtual-modules-0.6.2.tgz",
      "integrity": "sha512-66/V2i5hQanC51vBQKPH4aI8NMAcBW59FVBs+rC7eGHupMyfn34q7rZIE+ETlJ+XTevqfUhVVBgSUNSW2flEUQ==",
      "dev": true
    }
  }
}
